// !$*UTF8*$!
{
	archiveVersion = 1;
	classes = {
	};
	objectVersion = 77;
	objects = {

/* Begin PBXContainerItemProxy section */
		A10000000000000000000019 /* PBXContainerItemProxy */ = {
			isa = PBXContainerItemProxy;
			containerPortal = A1000000000000000000000A /* Project object */;
			proxyType = 1;
			remoteGlobalIDString = A10000000000000000000005;
			remoteInfo = MeasureTrail;
		};
		A10000000000000000000029 /* PBXContainerItemProxy */ = {
			isa = PBXContainerItemProxy;
			containerPortal = A1000000000000000000000A /* Project object */;
			proxyType = 1;
			remoteGlobalIDString = A10000000000000000000005;
			remoteInfo = MeasureTrail;
		};
/* End PBXContainerItemProxy section */

/* Begin PBXFileReference section */
		A10000000000000000000001 /* MeasureTrail.app */ = {isa = PBXFileReference; explicitFileType = wrapper.application; includeInIndex = 0; path = MeasureTrail.app; sourceTree = BUILT_PRODUCTS_DIR; };
		A10000000000000000000010 /* MeasureTrailTests.xctest */ = {isa = PBXFileReference; explicitFileType = wrapper.cfbundle; includeInIndex = 0; path = MeasureTrailTests.xctest; sourceTree = BUILT_PRODUCTS_DIR; };
		A10000000000000000000021 /* MeasureTrailUITests.xctest */ = {isa = PBXFileReference; explicitFileType = wrapper.cfbundle; includeInIndex = 0; path = MeasureTrailUITests.xctest; sourceTree = BUILT_PRODUCTS_DIR; };
/* End PBXFileReference section */

/* Begin PBXFileSystemSynchronizedRootGroup section */
		A10000000000000000000002 /* MeasureTrail */ = {
			isa = PBXFileSystemSynchronizedRootGroup;
			path = MeasureTrail;
			sourceTree = "<group>";
		};
		A10000000000000000000011 /* MeasureTrailTests */ = {
			isa = PBXFileSystemSynchronizedRootGroup;
			path = MeasureTrailTests;
			sourceTree = "<group>";
		};
		A10000000000000000000022 /* MeasureTrailUITests */ = {
			isa = PBXFileSystemSynchronizedRootGroup;
			path = MeasureTrailUITests;
			sourceTree = "<group>";
		};
/* End PBXFileSystemSynchronizedRootGroup section */

/* Begin PBXFrameworksBuildPhase section */
		A10000000000000000000008 /* Frameworks */ = {
			isa = PBXFrameworksBuildPhase;
			buildActionMask = 2147483647;
			files = (
			);
			runOnlyForDeploymentPostprocessing = 0;
		};
		A10000000000000000000013 /* Frameworks */ = {
			isa = PBXFrameworksBuildPhase;
			buildActionMask = 2147483647;
			files = (
			);
			runOnlyForDeploymentPostprocessing = 0;
		};
		A10000000000000000000024 /* Frameworks */ = {
			isa = PBXFrameworksBuildPhase;
			buildActionMask = 2147483647;
			files = (
			);
			runOnlyForDeploymentPostprocessing = 0;
		};
/* End PBXFrameworksBuildPhase section */

/* Begin PBXGroup section */
		A10000000000000000000003 = {
			isa = PBXGroup;
			children = (
				A10000000000000000000002 /* MeasureTrail */,
				A10000000000000000000011 /* MeasureTrailTests */,
				A10000000000000000000022 /* MeasureTrailUITests */,
				A10000000000000000000004 /* Products */,
			);
			sourceTree = "<group>";
		};
		A10000000000000000000004 /* Products */ = {
			isa = PBXGroup;
			children = (
				A10000000000000000000001 /* MeasureTrail.app */,
				A10000000000000000000010 /* MeasureTrailTests.xctest */,
				A10000000000000000000021 /* MeasureTrailUITests.xctest */,
			);
			name = Products;
			sourceTree = "<group>";
		};
/* End PBXGroup section */

/* Begin PBXNativeTarget section */
		A10000000000000000000005 /* MeasureTrail */ = {
			isa = PBXNativeTarget;
			buildConfigurationList = A10000000000000000000006 /* Build configuration list for PBXNativeTarget "MeasureTrail" */;
			buildPhases = (
				A10000000000000000000007 /* Sources */,
				A10000000000000000000008 /* Frameworks */,
				A10000000000000000000009 /* Resources */,
			);
			buildRules = (
			);
			dependencies = (
			);
			fileSystemSynchronizedGroups = (
				A10000000000000000000002 /* MeasureTrail */,
			);
			name = MeasureTrail;
			packageProductDependencies = (
			);
			productName = MeasureTrail;
			productReference = A10000000000000000000001 /* MeasureTrail.app */;
			productType = "com.apple.product-type.application";
		};
		A10000000000000000000015 /* MeasureTrailTests */ = {
			isa = PBXNativeTarget;
			buildConfigurationList = A10000000000000000000016 /* Build configuration list for PBXNativeTarget "MeasureTrailTests" */;
			buildPhases = (
				A10000000000000000000012 /* Sources */,
				A10000000000000000000013 /* Frameworks */,
				A10000000000000000000014 /* Resources */,
			);
			buildRules = (
			);
			dependencies = (
				A10000000000000000000020 /* PBXTargetDependency */,
			);
			fileSystemSynchronizedGroups = (
				A10000000000000000000011 /* MeasureTrailTests */,
			);
			name = MeasureTrailTests;
			packageProductDependencies = (
			);
			productName = MeasureTrailTests;
			productReference = A10000000000000000000010 /* MeasureTrailTests.xctest */;
			productType = "com.apple.product-type.bundle.unit-test";
		};
		A10000000000000000000025 /* MeasureTrailUITests */ = {
			isa = PBXNativeTarget;
			buildConfigurationList = A10000000000000000000026 /* Build configuration list for PBXNativeTarget "MeasureTrailUITests" */;
			buildPhases = (
				A10000000000000000000023 /* Sources */,
				A10000000000000000000024 /* Frameworks */,
			);
			buildRules = (
			);
			dependencies = (
				A10000000000000000000030 /* PBXTargetDependency */,
			);
			fileSystemSynchronizedGroups = (
				A10000000000000000000022 /* MeasureTrailUITests */,
			);
			name = MeasureTrailUITests;
			packageProductDependencies = (
			);
			productName = MeasureTrailUITests;
			productReference = A10000000000000000000021 /* MeasureTrailUITests.xctest */;
			productType = "com.apple.product-type.bundle.ui-testing";
		};
/* End PBXNativeTarget section */

/* Begin PBXProject section */
		A1000000000000000000000A /* Project object */ = {
			isa = PBXProject;
			attributes = {
				BuildIndependentTargetsInParallel = 1;
				LastSwiftUpdateCheck = 2660;
				LastUpgradeCheck = 2660;
				TargetAttributes = {
					A10000000000000000000005 = {
						CreatedOnToolsVersion = 26.6;
					};
					A10000000000000000000015 = {
						CreatedOnToolsVersion = 26.6;
						TestTargetID = A10000000000000000000005;
					};
					A10000000000000000000025 = {
						CreatedOnToolsVersion = 26.6;
						TestTargetID = A10000000000000000000005;
					};
				};
			};
			buildConfigurationList = A1000000000000000000000B /* Build configuration list for PBXProject "MeasureTrail" */;
			developmentRegion = "zh-Hans";
			hasScannedForEncodings = 0;
			knownRegions = (
				en,
				Base,
				"zh-Hans",
			);
			mainGroup = A10000000000000000000003;
			minimizedProjectReferenceProxies = 1;
			preferredProjectObjectVersion = 77;
			productRefGroup = A10000000000000000000004 /* Products */;
			projectDirPath = "";
			projectRoot = "";
			targets = (
				A10000000000000000000005 /* MeasureTrail */,
				A10000000000000000000015 /* MeasureTrailTests */,
				A10000000000000000000025 /* MeasureTrailUITests */,
			);
		};
/* End PBXProject section */

/* Begin PBXResourcesBuildPhase section */
		A10000000000000000000009 /* Resources */ = {
			isa = PBXResourcesBuildPhase;
			buildActionMask = 2147483647;
			files = (
			);
			runOnlyForDeploymentPostprocessing = 0;
		};
		A10000000000000000000014 /* Resources */ = {
			isa = PBXResourcesBuildPhase;
			buildActionMask = 2147483647;
			files = (
			);
			runOnlyForDeploymentPostprocessing = 0;
		};
/* End PBXResourcesBuildPhase section */

/* Begin PBXSourcesBuildPhase section */
		A10000000000000000000007 /* Sources */ = {
			isa = PBXSourcesBuildPhase;
			buildActionMask = 2147483647;
			files = (
			);
			runOnlyForDeploymentPostprocessing = 0;
		};
		A10000000000000000000012 /* Sources */ = {
			isa = PBXSourcesBuildPhase;
			buildActionMask = 2147483647;
			files = (
			);
			runOnlyForDeploymentPostprocessing = 0;
		};
		A10000000000000000000023 /* Sources */ = {
			isa = PBXSourcesBuildPhase;
			buildActionMask = 2147483647;
			files = (
			);
			runOnlyForDeploymentPostprocessing = 0;
		};
/* End PBXSourcesBuildPhase section */

/* Begin PBXTargetDependency section */
		A10000000000000000000020 /* PBXTargetDependency */ = {
			isa = PBXTargetDependency;
			target = A10000000000000000000005 /* MeasureTrail */;
			targetProxy = A10000000000000000000019 /* PBXContainerItemProxy */;
		};
		A10000000000000000000030 /* PBXTargetDependency */ = {
			isa = PBXTargetDependency;
			target = A10000000000000000000005 /* MeasureTrail */;
			targetProxy = A10000000000000000000029 /* PBXContainerItemProxy */;
		};
/* End PBXTargetDependency section */

/* Begin XCBuildConfiguration section */
		A1000000000000000000000C /* Debug */ = {
			isa = XCBuildConfiguration;
			buildSettings = {
				ALWAYS_SEARCH_USER_PATHS = NO;
				CLANG_ENABLE_MODULES = YES;
				CLANG_ENABLE_OBJC_ARC = YES;
				GCC_C_LANGUAGE_STANDARD = gnu17;
				SWIFT_VERSION = 6.0;
			};
			name = Debug;
		};
		A1000000000000000000000D /* Release */ = {
			isa = XCBuildConfiguration;
			buildSettings = {
				ALWAYS_SEARCH_USER_PATHS = NO;
				CLANG_ENABLE_MODULES = YES;
				CLANG_ENABLE_OBJC_ARC = YES;
				GCC_C_LANGUAGE_STANDARD = gnu17;
				SWIFT_COMPILATION_MODE = wholemodule;
				SWIFT_VERSION = 6.0;
			};
			name = Release;
		};
		A1000000000000000000000E /* Debug */ = {
			isa = XCBuildConfiguration;
			buildSettings = {
				ASSETCATALOG_COMPILER_APPICON_NAME = AppIcon;
				CODE_SIGN_ENTITLEMENTS = MeasureTrail/Resources/MeasureTrail.entitlements;
				CODE_SIGN_STYLE = Automatic;
				CURRENT_PROJECT_VERSION = 1;
				DEVELOPMENT_TEAM = B6AA23TY3H;
				ENABLE_TESTABILITY = YES;
				GENERATE_INFOPLIST_FILE = YES;
				INFOPLIST_FILE = Configuration/Info.plist;
				INFOPLIST_KEY_CFBundleDisplayName = "量迹";
				INFOPLIST_KEY_NSHealthShareUsageDescription = "量迹仅在你明确授权后读取体重和腰围，用于展示你的健康记录。";
				INFOPLIST_KEY_NSHealthUpdateUsageDescription = "量迹仅在你明确启用后写入手工体重和腰围到健康 App。";
				INFOPLIST_KEY_NSLocalNetworkUsageDescription = "开发版本使用本地网络连接量迹开发服务器。";
				INFOPLIST_KEY_UIApplicationSceneManifest_Generation = YES;
				IPHONEOS_DEPLOYMENT_TARGET = 26.0;
				MARKETING_VERSION = 0.1.0;
				MEASURETRAIL_API_BASE_URL = "https://measure-trail.ydfk.site";
				"MEASURETRAIL_API_BASE_URL[sdk=iphonesimulator*]" = "http://localhost:21000";
				MEASURETRAIL_PASSKEY_RP_ID = "measure-trail.ydfk.site";
				PRODUCT_BUNDLE_IDENTIFIER = com.ydfk.MeasureTrail;
				PRODUCT_NAME = "$(TARGET_NAME)";
				SUPPORTED_PLATFORMS = "iphoneos iphonesimulator";
				SWIFT_ACTIVE_COMPILATION_CONDITIONS = "$(inherited) DEBUG";
				SWIFT_OPTIMIZATION_LEVEL = "-Onone";
				SWIFT_STRICT_CONCURRENCY = complete;
				TARGETED_DEVICE_FAMILY = 1;
			};
			name = Debug;
		};
		A1000000000000000000000F /* Release */ = {
			isa = XCBuildConfiguration;
			buildSettings = {
				ASSETCATALOG_COMPILER_APPICON_NAME = AppIcon;
				CODE_SIGN_ENTITLEMENTS = MeasureTrail/Resources/MeasureTrail.entitlements;
				CODE_SIGN_STYLE = Automatic;
				CURRENT_PROJECT_VERSION = 1;
				DEVELOPMENT_TEAM = B6AA23TY3H;
				GENERATE_INFOPLIST_FILE = YES;
				INFOPLIST_FILE = Configuration/Info.plist;
				INFOPLIST_KEY_CFBundleDisplayName = "量迹";
				INFOPLIST_KEY_NSHealthShareUsageDescription = "量迹仅在你明确授权后读取体重和腰围，用于展示你的健康记录。";
				INFOPLIST_KEY_NSHealthUpdateUsageDescription = "量迹仅在你明确启用后写入手工体重和腰围到健康 App。";
				INFOPLIST_KEY_NSLocalNetworkUsageDescription = "开发版本使用本地网络连接量迹开发服务器。";
				INFOPLIST_KEY_UIApplicationSceneManifest_Generation = YES;
				IPHONEOS_DEPLOYMENT_TARGET = 26.0;
				MARKETING_VERSION = 0.1.0;
				MEASURETRAIL_API_BASE_URL = "https://measure-trail.ydfk.site";
				MEASURETRAIL_PASSKEY_RP_ID = "measure-trail.ydfk.site";
				PRODUCT_BUNDLE_IDENTIFIER = com.ydfk.MeasureTrail;
				PRODUCT_NAME = "$(TARGET_NAME)";
				SUPPORTED_PLATFORMS = "iphoneos iphonesimulator";
				SWIFT_COMPILATION_MODE = wholemodule;
				SWIFT_STRICT_CONCURRENCY = complete;
				TARGETED_DEVICE_FAMILY = 1;
			};
			name = Release;
		};
		A10000000000000000000017 /* Debug */ = {
			isa = XCBuildConfiguration;
			buildSettings = {
				BUNDLE_LOADER = "$(TEST_HOST)";
				CODE_SIGN_STYLE = Automatic;
				GENERATE_INFOPLIST_FILE = YES;
				IPHONEOS_DEPLOYMENT_TARGET = 26.0;
				PRODUCT_BUNDLE_IDENTIFIER = com.ydfk.MeasureTrailTests;
				PRODUCT_NAME = "$(TARGET_NAME)";
				SUPPORTED_PLATFORMS = "iphoneos iphonesimulator";
				SWIFT_STRICT_CONCURRENCY = complete;
				SWIFT_VERSION = 6.0;
				TEST_HOST = "$(BUILT_PRODUCTS_DIR)/MeasureTrail.app/MeasureTrail";
				TEST_TARGET_NAME = MeasureTrail;
			};
			name = Debug;
		};
		A10000000000000000000018 /* Release */ = {
			isa = XCBuildConfiguration;
			buildSettings = {
				BUNDLE_LOADER = "$(TEST_HOST)";
				CODE_SIGN_STYLE = Automatic;
				GENERATE_INFOPLIST_FILE = YES;
				IPHONEOS_DEPLOYMENT_TARGET = 26.0;
				PRODUCT_BUNDLE_IDENTIFIER = com.ydfk.MeasureTrailTests;
				PRODUCT_NAME = "$(TARGET_NAME)";
				SUPPORTED_PLATFORMS = "iphoneos iphonesimulator";
				SWIFT_COMPILATION_MODE = wholemodule;
				SWIFT_STRICT_CONCURRENCY = complete;
				SWIFT_VERSION = 6.0;
				TEST_HOST = "$(BUILT_PRODUCTS_DIR)/MeasureTrail.app/MeasureTrail";
				TEST_TARGET_NAME = MeasureTrail;
			};
			name = Release;
		};
		A10000000000000000000027 /* Debug */ = {
			isa = XCBuildConfiguration;
			buildSettings = {
				CODE_SIGN_STYLE = Automatic;
				GENERATE_INFOPLIST_FILE = YES;
				IPHONEOS_DEPLOYMENT_TARGET = 26.0;
				PRODUCT_BUNDLE_IDENTIFIER = com.ydfk.MeasureTrailUITests;
				PRODUCT_NAME = "$(TARGET_NAME)";
				SUPPORTED_PLATFORMS = "iphoneos iphonesimulator";
				SWIFT_STRICT_CONCURRENCY = complete;
				SWIFT_VERSION = 6.0;
				TEST_TARGET_NAME = MeasureTrail;
			};
			name = Debug;
		};
		A10000000000000000000028 /* Release */ = {
			isa = XCBuildConfiguration;
			buildSettings = {
				CODE_SIGN_STYLE = Automatic;
				GENERATE_INFOPLIST_FILE = YES;
				IPHONEOS_DEPLOYMENT_TARGET = 26.0;
				PRODUCT_BUNDLE_IDENTIFIER = com.ydfk.MeasureTrailUITests;
				PRODUCT_NAME = "$(TARGET_NAME)";
				SUPPORTED_PLATFORMS = "iphoneos iphonesimulator";
				SWIFT_COMPILATION_MODE = wholemodule;
				SWIFT_STRICT_CONCURRENCY = complete;
				SWIFT_VERSION = 6.0;
				TEST_TARGET_NAME = MeasureTrail;
			};
			name = Release;
		};
/* End XCBuildConfiguration section */

/* Begin XCConfigurationList section */
		A10000000000000000000006 /* Build configuration list for PBXNativeTarget "MeasureTrail" */ = {
			isa = XCConfigurationList;
			buildConfigurations = (
				A1000000000000000000000E /* Debug */,
				A1000000000000000000000F /* Release */,
			);
			defaultConfigurationIsVisible = 0;
			defaultConfigurationName = Debug;
		};
		A1000000000000000000000B /* Build configuration list for PBXProject "MeasureTrail" */ = {
			isa = XCConfigurationList;
			buildConfigurations = (
				A1000000000000000000000C /* Debug */,
				A1000000000000000000000D /* Release */,
			);
			defaultConfigurationIsVisible = 0;
			defaultConfigurationName = Debug;
		};
		A10000000000000000000016 /* Build configuration list for PBXNativeTarget "MeasureTrailTests" */ = {
			isa = XCConfigurationList;
			buildConfigurations = (
				A10000000000000000000017 /* Debug */,
				A10000000000000000000018 /* Release */,
			);
			defaultConfigurationIsVisible = 0;
			defaultConfigurationName = Debug;
		};
		A10000000000000000000026 /* Build configuration list for PBXNativeTarget "MeasureTrailUITests" */ = {
			isa = XCConfigurationList;
			buildConfigurations = (
				A10000000000000000000027 /* Debug */,
				A10000000000000000000028 /* Release */,
			);
			defaultConfigurationIsVisible = 0;
			defaultConfigurationName = Debug;
		};
/* End XCConfigurationList section */
	};
	rootObject = A1000000000000000000000A /* Project object */;
}
